// !$*UTF8*$!
{
	archiveVersion = 1;
	classes = {
	};
	objectVersion = 56;
	objects = {

/* Begin PBXBuildFile section */
		0702588E2AE1D74A004764E6 /* MapViewController.swift in Sources */ = {isa = PBXBuildFile; fileRef = 0702588D2AE1D74A004764E6 /* MapViewController.swift */; };
		072DEA482ADFC0CC00D23DB7 /* AppDelegate.swift in Sources */ = {isa = PBXBuildFile; fileRef = 072DEA472ADFC0CC00D23DB7 /* AppDelegate.swift */; };
		072DEA4A2ADFC0CC00D23DB7 /* SceneDelegate.swift in Sources */ = {isa = PBXBuildFile; fileRef = 072DEA492ADFC0CC00D23DB7 /* SceneDelegate.swift */; };
		072DEA4C2ADFC0CC00D23DB7 /* ViewController.swift in Sources */ = {isa = PBXBuildFile; fileRef = 072DEA4B2ADFC0CC00D23DB7 /* ViewController.swift */; };
		072DEA4F2ADFC0CC00D23DB7 /* Main.storyboard in Resources */ = {isa = PBXBuildFile; fileRef = 072DEA4D2ADFC0CC00D23DB7 /* Main.storyboard */; };
		072DEA512ADFC0CD00D23DB7 /* Assets.xcassets in Resources */ = {isa = PBXBuildFile; fileRef = 072DEA502ADFC0CD00D23DB7 /* Assets.xcassets */; };
		072DEA542ADFC0CD00D23DB7 /* LaunchScreen.storyboard in Resources */ = {isa = PBXBuildFile; fileRef = 072DEA522ADFC0CD00D23DB7 /* LaunchScreen.storyboard */; };
		07FF29B42AE06B7C00D4F49C /* SettingsController.swift in Sources */ = {isa = PBXBuildFile; fileRef = 07FF29B32AE06B7C00D4F49C /* SettingsController.swift */; };
/* End PBXBuildFile section */

/* Begin PBXFileReference section */
		0702588D2AE1D74A004764E6 /* MapViewController.swift */ = {isa = PBXFileReference; lastKnownFileType = sourcecode.swift; path = MapViewController.swift; sourceTree = "<group>"; };
		072DEA442ADFC0CC00D23DB7 /* WaterAlarm.app */ = {isa = PBXFileReference; explicitFileType = wrapper.application; includeInIndex = 0; path = WaterAlarm.app; sourceTree = BUILT_PRODUCTS_DIR; };
		072DEA472ADFC0CC00D23DB7 /* AppDelegate.swift */ = {isa = PBXFileReference; lastKnownFileType = sourcecode.swift; path = AppDelegate.swift; sourceTree = "<group>"; };
		072DEA492ADFC0CC00D23DB7 /* SceneDelegate.swift */ = {isa = PBXFileReference; lastKnownFileType = sourcecode.swift; path = SceneDelegate.swift; sourceTree = "<group>"; };
		072DEA4B2ADFC0CC00D23DB7 /* ViewController.swift */ = {isa = PBXFileReference; lastKnownFileType = sourcecode.swift; path = ViewController.swift; sourceTree = "<group>"; };
		072DEA4E2ADFC0CC00D23DB7 /* Base */ = {isa = PBXFileReference; lastKnownFileType = file.storyboard; name = Base; path = Base.lproj/Main.storyboard; sourceTree = "<group>"; };
		072DEA502ADFC0CD00D23DB7 /* Assets.xcassets */ = {isa = PBXFileReference; lastKnownFileType = folder.assetcatalog; path = Assets.xcassets; sourceTree = "<group>"; };
		072DEA532ADFC0CD00D23DB7 /* Base */ = {isa = PBXFileReference; lastKnownFileType = file.storyboard; name = Base; path = Base.lproj/LaunchScreen.storyboard; sourceTree = "<group>"; };
		072DEA552ADFC0CD00D23DB7 /* Info.plist */ = {isa = PBXFileReference; lastKnownFileType = text.plist.xml; path = Info.plist; sourceTree = "<group>"; };
		07FF29B32AE06B7C00D4F49C /* SettingsController.swift */ = {isa = PBXFileReference; lastKnownFileType = sourcecode.swift; path = SettingsController.swift; sourceTree = "<group>"; };
/* End PBXFileReference section */

/* Begin PBXFrameworksBuildPhase section */
		072DEA412ADFC0CC00D23DB7 /* Frameworks */ = {
			isa = PBXFrameworksBuildPhase;
			buildActionMask = 2147483647;
			files = (
			);
			runOnlyForDeploymentPostprocessing = 0;
		};
/* End PBXFrameworksBuildPhase section */

/* Begin PBXGroup section */
		072DEA3B2ADFC0CC00D23DB7 = {
			isa = PBXGroup;
			children = (
				072DEA462ADFC0CC00D23DB7 /* WaterAlarm */,
				072DEA452ADFC0CC00D23DB7 /* Products */,
			);
			sourceTree = "<group>";
		};
		072DEA452ADFC0CC00D23DB7 /* Products */ = {
			isa = PBXGroup;
			children = (
				072DEA442ADFC0CC00D23DB7 /* WaterAlarm.app */,
			);
			name = Products;
			sourceTree = "<group>";
		};
		072DEA462ADFC0CC00D23DB7 /* WaterAlarm */ = {
			isa = PBXGroup;
			children = (
				072DEA5C2ADFC0FA00D23DB7 /* WaterView */,
				072DEA5D2ADFC10700D23DB7 /* Core */,
				072DEA5E2ADFC10F00D23DB7 /* SupportingFiles */,
				072DEA552ADFC0CD00D23DB7 /* Info.plist */,
			);
			path = WaterAlarm;
			sourceTree = "<group>";
		};
		072DEA5C2ADFC0FA00D23DB7 /* WaterView */ = {
			isa = PBXGroup;
			children = (
				072DEA4B2ADFC0CC00D23DB7 /* ViewController.swift */,
				07FF29B32AE06B7C00D4F49C /* SettingsController.swift */,
				0702588D2AE1D74A004764E6 /* MapViewController.swift */,
			);
			path = WaterView;
			sourceTree = "<group>";
		};
		072DEA5D2ADFC10700D23DB7 /* Core */ = {
			isa = PBXGroup;
			children = (
				072DEA492ADFC0CC00D23DB7 /* SceneDelegate.swift */,
				072DEA472ADFC0CC00D23DB7 /* AppDelegate.swift */,
			);
			path = Core;
			sourceTree = "<group>";
		};
		072DEA5E2ADFC10F00D23DB7 /* SupportingFiles */ = {
			isa = PBXGroup;
			children = (
				072DEA522ADFC0CD00D23DB7 /* LaunchScreen.storyboard */,
				072DEA502ADFC0CD00D23DB7 /* Assets.xcassets */,
				072DEA4D2ADFC0CC00D23DB7 /* Main.storyboard */,
			);
			path = SupportingFiles;
			sourceTree = "<group>";
		};
/* End PBXGroup section */

/* Begin PBXNativeTarget section */
		072DEA432ADFC0CC00D23DB7 /* WaterAlarm */ = {
			isa = PBXNativeTarget;
			buildConfigurationList = 072DEA582ADFC0CD00D23DB7 /* Build configuration list for PBXNativeTarget "WaterAlarm" */;
			buildPhases = (
				072DEA402ADFC0CC00D23DB7 /* Sources */,
				072DEA412ADFC0CC00D23DB7 /* Frameworks */,
				072DEA422ADFC0CC00D23DB7 /* Resources */,
			);
			buildRules = (
			);
			dependencies = (
			);
			name = WaterAlarm;
			productName = WaterAlarm;
			productReference = 072DEA442ADFC0CC00D23DB7 /* WaterAlarm.app */;
			productType = "com.apple.product-type.application";
		};
/* End PBXNativeTarget section */

/* Begin PBXProject section */
		072DEA3C2ADFC0CC00D23DB7 /* Project object */ = {
			isa = PBXProject;
			attributes = {
				BuildIndependentTargetsInParallel = 1;
				LastSwiftUpdateCheck = 1430;
				LastUpgradeCheck = 1430;
				TargetAttributes = {
					072DEA432ADFC0CC00D23DB7 = {
						CreatedOnToolsVersion = 14.3.1;
					};
				};
			};
			buildConfigurationList = 072DEA3F2ADFC0CC00D23DB7 /* Build configuration list for PBXProject "WaterAlarm" */;
			compatibilityVersion = "Xcode 14.0";
			developmentRegion = en;
			hasScannedForEncodings = 0;
			knownRegions = (
				en,
				Base,
			);
			mainGroup = 072DEA3B2ADFC0CC00D23DB7;
			productRefGroup = 072DEA452ADFC0CC00D23DB7 /* Products */;
			projectDirPath = "";
			projectRoot = "";
			targets = (
				072DEA432ADFC0CC00D23DB7 /* WaterAlarm */,
			);
		};
/* End PBXProject section */

/* Begin PBXResourcesBuildPhase section */
		072DEA422ADFC0CC00D23DB7 /* Resources */ = {
			isa = PBXResourcesBuildPhase;
			buildActionMask = 2147483647;
			files = (
				072DEA542ADFC0CD00D23DB7 /* LaunchScreen.storyboard in Resources */,
				072DEA512ADFC0CD00D23DB7 /* Assets.xcassets in Resources */,
				072DEA4F2ADFC0CC00D23DB7 /* Main.storyboard in Resources */,
			);
			runOnlyForDeploymentPostprocessing = 0;
		};
/* End PBXResourcesBuildPhase section */

/* Begin PBXSourcesBuildPhase section */
		072DEA402ADFC0CC00D23DB7 /* Sources */ = {
			isa = PBXSourcesBuildPhase;
			buildActionMask = 2147483647;
			files = (
				07FF29B42AE06B7C00D4F49C /* SettingsController.swift in Sources */,
				072DEA4C2ADFC0CC00D23DB7 /* ViewController.swift in Sources */,
				072DEA482ADFC0CC00D23DB7 /* AppDelegate.swift in Sources */,
				0702588E2AE1D74A004764E6 /* MapViewController.swift in Sources */,
				072DEA4A2ADFC0CC00D23DB7 /* SceneDelegate.swift in Sources */,
			);
			runOnlyForDeploymentPostprocessing = 0;
		};
/* End PBXSourcesBuildPhase section */

/* Begin PBXVariantGroup section */
		072DEA4D2ADFC0CC00D23DB7 /* Main.storyboard */ = {
			isa = PBXVariantGroup;
			children = (
				072DEA4E2ADFC0CC00D23DB7 /* Base */,
			);
			name = Main.storyboard;
			sourceTree = "<group>";
		};
		072DEA522ADFC0CD00D23DB7 /* LaunchScreen.storyboard */ = {
			isa = PBXVariantGroup;
			children = (
				072DEA532ADFC0CD00D23DB7 /* Base */,
			);
			name = LaunchScreen.storyboard;
			sourceTree = "<group>";
		};
/* End PBXVariantGroup section */

/* Begin XCBuildConfiguration section */
		072DEA562ADFC0CD00D23DB7 /* Debug */ = {
			isa = XCBuildConfiguration;
			buildSettings = {
				ALWAYS_SEARCH_USER_PATHS = NO;
				CLANG_ANALYZER_NONNULL = YES;
				CLANG_ANALYZER_NUMBER_OBJECT_CONVERSION = YES_AGGRESSIVE;
				CLANG_CXX_LANGUAGE_STANDARD = "gnu++20";
				CLANG_ENABLE_MODULES = YES;
				CLANG_ENABLE_OBJC_ARC = YES;
				CLANG_ENABLE_OBJC_WEAK = YES;
				CLANG_WARN_BLOCK_CAPTURE_AUTORELEASING = YES;
				CLANG_WARN_BOOL_CONVERSION = YES;
				CLANG_WARN_COMMA = YES;
				CLANG_WARN_CONSTANT_CONVERSION = YES;
				CLANG_WARN_DEPRECATED_OBJC_IMPLEMENTATIONS = YES;
				CLANG_WARN_DIRECT_OBJC_ISA_USAGE = YES_ERROR;
				CLANG_WARN_DOCUMENTATION_COMMENTS = YES;
				CLANG_WARN_EMPTY_BODY = YES;
				CLANG_WARN_ENUM_CONVERSION = YES;
				CLANG_WARN_INFINITE_RECURSION = YES;
				CLANG_WARN_INT_CONVERSION = YES;
				CLANG_WARN_NON_LITERAL_NULL_CONVERSION = YES;
				CLANG_WARN_OBJC_IMPLICIT_RETAIN_SELF = YES;
				CLANG_WARN_OBJC_LITERAL_CONVERSION = YES;
				CLANG_WARN_OBJC_ROOT_CLASS = YES_ERROR;
				CLANG_WARN_QUOTED_INCLUDE_IN_FRAMEWORK_HEADER = YES;
				CLANG_WARN_RANGE_LOOP_ANALYSIS = YES;
				CLANG_WARN_STRICT_PROTOTYPES = YES;
				CLANG_WARN_SUSPICIOUS_MOVE = YES;
				CLANG_WARN_UNGUARDED_AVAILABILITY = YES_AGGRESSIVE;
				CLANG_WARN_UNREACHABLE_CODE = YES;
				CLANG_WARN__DUPLICATE_METHOD_MATCH = YES;
				COPY_PHASE_STRIP = NO;
				DEBUG_INFORMATION_FORMAT = dwarf;
				ENABLE_STRICT_OBJC_MSGSEND = YES;
				ENABLE_TESTABILITY = YES;
				GCC_C_LANGUAGE_STANDARD = gnu11;
				GCC_DYNAMIC_NO_PIC = NO;
				GCC_NO_COMMON_BLOCKS = YES;
				GCC_OPTIMIZATION_LEVEL = 0;
				GCC_PREPROCESSOR_DEFINITIONS = (
					"DEBUG=1",
					"$(inherited)",
				);
				GCC_WARN_64_TO_32_BIT_CONVERSION = YES;
				GCC_WARN_ABOUT_RETURN_TYPE = YES_ERROR;
				GCC_WARN_UNDECLARED_SELECTOR = YES;
				GCC_WARN_UNINITIALIZED_AUTOS = YES_AGGRESSIVE;
				GCC_WARN_UNUSED_FUNCTION = YES;
				GCC_WARN_UNUSED_VARIABLE = YES;
				IPHONEOS_DEPLOYMENT_TARGET = 16.4;
				MTL_ENABLE_DEBUG_INFO = INCLUDE_SOURCE;
				MTL_FAST_MATH = YES;
				ONLY_ACTIVE_ARCH = YES;
				SDKROOT = iphoneos;
				SWIFT_ACTIVE_COMPILATION_CONDITIONS = DEBUG;
				SWIFT_OPTIMIZATION_LEVEL = "-Onone";
			};
			name = Debug;
		};
		072DEA572ADFC0CD00D23DB7 /* Release */ = {
			isa = XCBuildConfiguration;
			buildSettings = {
				ALWAYS_SEARCH_USER_PATHS = NO;
				CLANG_ANALYZER_NONNULL = YES;
				CLANG_ANALYZER_NUMBER_OBJECT_CONVERSION = YES_AGGRESSIVE;
				CLANG_CXX_LANGUAGE_STANDARD = "gnu++20";
				CLANG_ENABLE_MODULES = YES;
				CLANG_ENABLE_OBJC_ARC = YES;
				CLANG_ENABLE_OBJC_WEAK = YES;
				CLANG_WARN_BLOCK_CAPTURE_AUTORELEASING = YES;
				CLANG_WARN_BOOL_CONVERSION = YES;
				CLANG_WARN_COMMA = YES;
				CLANG_WARN_CONSTANT_CONVERSION = YES;
				CLANG_WARN_DEPRECATED_OBJC_IMPLEMENTATIONS = YES;
				CLANG_WARN_DIRECT_OBJC_ISA_USAGE = YES_ERROR;
				CLANG_WARN_DOCUMENTATION_COMMENTS = YES;
				CLANG_WARN_EMPTY_BODY = YES;
				CLANG_WARN_ENUM_CONVERSION = YES;
				CLANG_WARN_INFINITE_RECURSION = YES;
				CLANG_WARN_INT_CONVERSION = YES;
				CLANG_WARN_NON_LITERAL_NULL_CONVERSION = YES;
				CLANG_WARN_OBJC_IMPLICIT_RETAIN_SELF = YES;
				CLANG_WARN_OBJC_LITERAL_CONVERSION = YES;
				CLANG_WARN_OBJC_ROOT_CLASS = YES_ERROR;
				CLANG_WARN_QUOTED_INCLUDE_IN_FRAMEWORK_HEADER = YES;
				CLANG_WARN_RANGE_LOOP_ANALYSIS = YES;
				CLANG_WARN_STRICT_PROTOTYPES = YES;
				CLANG_WARN_SUSPICIOUS_MOVE = YES;
				CLANG_WARN_UNGUARDED_AVAILABILITY = YES_AGGRESSIVE;
				CLANG_WARN_UNREACHABLE_CODE = YES;
				CLANG_WARN__DUPLICATE_METHOD_MATCH = YES;
				COPY_PHASE_STRIP = NO;
				DEBUG_INFORMATION_FORMAT = "dwarf-with-dsym";
				ENABLE_NS_ASSERTIONS = NO;
				ENABLE_STRICT_OBJC_MSGSEND = YES;
				GCC_C_LANGUAGE_STANDARD = gnu11;
				GCC_NO_COMMON_BLOCKS = YES;
				GCC_WARN_64_TO_32_BIT_CONVERSION = YES;
				GCC_WARN_ABOUT_RETURN_TYPE = YES_ERROR;
				GCC_WARN_UNDECLARED_SELECTOR = YES;
				GCC_WARN_UNINITIALIZED_AUTOS = YES_AGGRESSIVE;
				GCC_WARN_UNUSED_FUNCTION = YES;
				GCC_WARN_UNUSED_VARIABLE = YES;
				IPHONEOS_DEPLOYMENT_TARGET = 16.4;
				MTL_ENABLE_DEBUG_INFO = NO;
				MTL_FAST_MATH = YES;
				SDKROOT = iphoneos;
				SWIFT_COMPILATION_MODE = wholemodule;
				SWIFT_OPTIMIZATION_LEVEL = "-O";
				VALIDATE_PRODUCT = YES;
			};
			name = Release;
		};
		072DEA592ADFC0CD00D23DB7 /* Debug */ = {
			isa = XCBuildConfiguration;
			buildSettings = {
				ASSETCATALOG_COMPILER_APPICON_NAME = AppIcon;
				ASSETCATALOG_COMPILER_GLOBAL_ACCENT_COLOR_NAME = AccentColor;
				CODE_SIGN_STYLE = Automatic;
				CURRENT_PROJECT_VERSION = 1;
				GENERATE_INFOPLIST_FILE = YES;
				INFOPLIST_FILE = WaterAlarm/Info.plist;
				INFOPLIST_KEY_UIApplicationSupportsIndirectInputEvents = YES;
				INFOPLIST_KEY_UILaunchStoryboardName = LaunchScreen;
				INFOPLIST_KEY_UIMainStoryboardFile = Main;
				INFOPLIST_KEY_UISupportedInterfaceOrientations_iPad = "UIInterfaceOrientationPortrait UIInterfaceOrientationPortraitUpsideDown UIInterfaceOrientationLandscapeLeft UIInterfaceOrientationLandscapeRight";
				INFOPLIST_KEY_UISupportedInterfaceOrientations_iPhone = "UIInterfaceOrientationPortrait UIInterfaceOrientationLandscapeLeft UIInterfaceOrientationLandscapeRight";
				LD_RUNPATH_SEARCH_PATHS = (
					"$(inherited)",
					"@executable_path/Frameworks",
				);
				MARKETING_VERSION = 1.0;
				PRODUCT_BUNDLE_IDENTIFIER = Mete.WaterAlarm;
				PRODUCT_NAME = "$(TARGET_NAME)";
				SWIFT_EMIT_LOC_STRINGS = YES;
				SWIFT_VERSION = 5.0;
				TARGETED_DEVICE_FAMILY = "1,2";
			};
			name = Debug;
		};
		072DEA5A2ADFC0CD00D23DB7 /* Release */ = {
			isa = XCBuildConfiguration;
			buildSettings = {
				ASSETCATALOG_COMPILER_APPICON_NAME = AppIcon;
				ASSETCATALOG_COMPILER_GLOBAL_ACCENT_COLOR_NAME = AccentColor;
				CODE_SIGN_STYLE = Automatic;
				CURRENT_PROJECT_VERSION = 1;
				GENERATE_INFOPLIST_FILE = YES;
				INFOPLIST_FILE = WaterAlarm/Info.plist;
				INFOPLIST_KEY_UIApplicationSupportsIndirectInputEvents = YES;
				INFOPLIST_KEY_UILaunchStoryboardName = LaunchScreen;
				INFOPLIST_KEY_UIMainStoryboardFile = Main;
				INFOPLIST_KEY_UISupportedInterfaceOrientations_iPad = "UIInterfaceOrientationPortrait UIInterfaceOrientationPortraitUpsideDown UIInterfaceOrientationLandscapeLeft UIInterfaceOrientationLandscapeRight";
				INFOPLIST_KEY_UISupportedInterfaceOrientations_iPhone = "UIInterfaceOrientationPortrait UIInterfaceOrientationLandscapeLeft UIInterfaceOrientationLandscapeRight";
				LD_RUNPATH_SEARCH_PATHS = (
					"$(inherited)",
					"@executable_path/Frameworks",
				);
				MARKETING_VERSION = 1.0;
				PRODUCT_BUNDLE_IDENTIFIER = Mete.WaterAlarm;
				PRODUCT_NAME = "$(TARGET_NAME)";
				SWIFT_EMIT_LOC_STRINGS = YES;
				SWIFT_VERSION = 5.0;
				TARGETED_DEVICE_FAMILY = "1,2";
			};
			name = Release;
		};
/* End XCBuildConfiguration section */

/* Begin XCConfigurationList section */
		072DEA3F2ADFC0CC00D23DB7 /* Build configuration list for PBXProject "WaterAlarm" */ = {
			isa = XCConfigurationList;
			buildConfigurations = (
				072DEA562ADFC0CD00D23DB7 /* Debug */,
				072DEA572ADFC0CD00D23DB7 /* Release */,
			);
			defaultConfigurationIsVisible = 0;
			defaultConfigurationName = Release;
		};
		072DEA582ADFC0CD00D23DB7 /* Build configuration list for PBXNativeTarget "WaterAlarm" */ = {
			isa = XCConfigurationList;
			buildConfigurations = (
				072DEA592ADFC0CD00D23DB7 /* Debug */,
				072DEA5A2ADFC0CD00D23DB7 /* Release */,
			);
			defaultConfigurationIsVisible = 0;
			defaultConfigurationName = Release;
		};
/* End XCConfigurationList section */
	};
	rootObject = 072DEA3C2ADFC0CC00D23DB7 /* Project object */;
}
